
Microsoft Visual Studio Solution File, Format Version 10.00
# Visual Studio 2008
Project("{FAE04EC0-301F-11D3-BF4B-00C04F79EFBC}") = "Azbuka", "Azbuka\Azbuka.csproj", "{B2B99B6B-B480-4CA5-A7A6-2BCE483D936C}"
EndProject
Global
	GlobalSection(SolutionConfigurationPlatforms) = preSolution
		Debug|Any CPU = Debug|Any CPU
		Release|Any CPU = Release|Any CPU
	EndGlobalSection
	GlobalSection(ProjectConfigurationPlatforms) = postSolution
		{B2B99B6B-B480-4CA5-A7A6-2BCE483D936C}.Debug|Any CPU.ActiveCfg = Debug|Any CPU
		{B2B99B6B-B480-4CA5-A7A6-2BCE483D936C}.Debug|Any CPU.Build.0 = Debug|Any CPU
		{B2B99B6B-B480-4CA5-A7A6-2BCE483D936C}.Release|Any CPU.ActiveCfg = Release|Any CPU
		{B2B99B6B-B480-4CA5-A7A6-2BCE483D936C}.Release|Any CPU.Build.0 = Release|Any CPU
	EndGlobalSection
	GlobalSection(SolutionProperties) = preSolution
		HideSolutionNode = FALSE
	EndGlobalSection
EndGlobal
